
Microsoft Visual Studio Solution File, Format Version 12.00
# Blend for Visual Studio Version 17
VisualStudioVersion = 17.0.32014.148
MinimumVisualStudioVersion = 10.0.40219.1
Project("{FAE04EC0-301F-11D3-BF4B-00C04F79EFBC}") = "Game Launcher", "Game Launcher\Game Launcher.csproj", "{ED556E4A-A98C-4376-9F21-87B1CF06B2F4}"
EndProject
Global
	GlobalSection(SolutionConfigurationPlatforms) = preSolution
		Debug|Any CPU = Debug|Any CPU
		Release|Any CPU = Release|Any CPU
	EndGlobalSection
	GlobalSection(ProjectConfigurationPlatforms) = postSolution
		{ED556E4A-A98C-4376-9F21-87B1CF06B2F4}.Debug|Any CPU.ActiveCfg = Debug|Any CPU
		{ED556E4A-A98C-4376-9F21-87B1CF06B2F4}.Debug|Any CPU.Build.0 = Debug|Any CPU
		{ED556E4A-A98C-4376-9F21-87B1CF06B2F4}.Release|Any CPU.ActiveCfg = Release|Any CPU
		{ED556E4A-A98C-4376-9F21-87B1CF06B2F4}.Release|Any CPU.Build.0 = Release|Any CPU
	EndGlobalSection
	GlobalSection(SolutionProperties) = preSolution
		HideSolutionNode = FALSE
	EndGlobalSection
	GlobalSection(ExtensibilityGlobals) = postSolution
		SolutionGuid = {A3D88000-5677-4031-A986-C9C2CAE26A5E}
	EndGlobalSection
EndGlobal
